
Microsoft Visual Studio Solution File, Format Version 11.00
# Visual Studio 2010
Project("{FAE04EC0-301F-11D3-BF4B-00C04F79EFBC}") = "delete", "delete\delete.csproj", "{62642813-158A-4E92-9219-6201E0F90A44}"
EndProject
Global
	GlobalSection(SolutionConfigurationPlatforms) = preSolution
		Debug|Any CPU = Debug|Any CPU
		Release|Any CPU = Release|Any CPU
	EndGlobalSection
	GlobalSection(ProjectConfigurationPlatforms) = postSolution
		{62642813-158A-4E92-9219-6201E0F90A44}.Debug|Any CPU.ActiveCfg = Debug|Any CPU
		{62642813-158A-4E92-9219-6201E0F90A44}.Debug|Any CPU.Build.0 = Debug|Any CPU
		{62642813-158A-4E92-9219-6201E0F90A44}.Release|Any CPU.ActiveCfg = Release|Any CPU
		{62642813-158A-4E92-9219-6201E0F90A44}.Release|Any CPU.Build.0 = Release|Any CPU
	EndGlobalSection
	GlobalSection(MonoDevelopProperties) = preSolution
		StartupItem = delete\delete.csproj
	EndGlobalSection
EndGlobal
