
Microsoft Visual Studio Solution File, Format Version 11.00
# Visual Studio 2010
Project("{FAE04EC0-301F-11D3-BF4B-00C04F79EFBC}") = "selectReader_LoadinListBox", "selectReader_LoadinListBox\selectReader_LoadinListBox.csproj", "{C0E0799A-6086-4280-8E38-BD182F6CE7FA}"
EndProject
Global
	GlobalSection(SolutionConfigurationPlatforms) = preSolution
		Debug|Any CPU = Debug|Any CPU
		Release|Any CPU = Release|Any CPU
	EndGlobalSection
	GlobalSection(ProjectConfigurationPlatforms) = postSolution
		{C0E0799A-6086-4280-8E38-BD182F6CE7FA}.Debug|Any CPU.ActiveCfg = Debug|Any CPU
		{C0E0799A-6086-4280-8E38-BD182F6CE7FA}.Debug|Any CPU.Build.0 = Debug|Any CPU
		{C0E0799A-6086-4280-8E38-BD182F6CE7FA}.Release|Any CPU.ActiveCfg = Release|Any CPU
		{C0E0799A-6086-4280-8E38-BD182F6CE7FA}.Release|Any CPU.Build.0 = Release|Any CPU
	EndGlobalSection
	GlobalSection(MonoDevelopProperties) = preSolution
		StartupItem = selectReader_LoadinListBox\selectReader_LoadinListBox.csproj
	EndGlobalSection
EndGlobal
