
Microsoft Visual Studio Solution File, Format Version 11.00
# Visual Studio 2010
Project("{FAE04EC0-301F-11D3-BF4B-00C04F79EFBC}") = "selectusingReder", "selectusingReder\selectusingReder.csproj", "{F5321F79-9655-4D9E-9727-D57A926A8AFF}"
EndProject
Global
	GlobalSection(SolutionConfigurationPlatforms) = preSolution
		Debug|Any CPU = Debug|Any CPU
		Release|Any CPU = Release|Any CPU
	EndGlobalSection
	GlobalSection(ProjectConfigurationPlatforms) = postSolution
		{F5321F79-9655-4D9E-9727-D57A926A8AFF}.Debug|Any CPU.ActiveCfg = Debug|Any CPU
		{F5321F79-9655-4D9E-9727-D57A926A8AFF}.Debug|Any CPU.Build.0 = Debug|Any CPU
		{F5321F79-9655-4D9E-9727-D57A926A8AFF}.Release|Any CPU.ActiveCfg = Release|Any CPU
		{F5321F79-9655-4D9E-9727-D57A926A8AFF}.Release|Any CPU.Build.0 = Release|Any CPU
	EndGlobalSection
	GlobalSection(MonoDevelopProperties) = preSolution
		StartupItem = selectusingReder\selectusingReder.csproj
	EndGlobalSection
EndGlobal
